
Microsoft Visual Studio Solution File, Format Version 12.00
# Visual Studio Version 17
VisualStudioVersion = 17.9.34701.34
MinimumVisualStudioVersion = 10.0.40219.1
Project("{9A19103F-16F7-4668-BE54-9A1E7A4F7556}") = "PWR-VI-PodPro", "PWR-VI-PodPro.csproj", "{C56B433D-8F6E-425B-96A5-9F2A1E93298C}"
EndProject
Global
	GlobalSection(SolutionConfigurationPlatforms) = preSolution
		Debug|Any CPU = Debug|Any CPU
		Release|Any CPU = Release|Any CPU
	EndGlobalSection
	GlobalSection(ProjectConfigurationPlatforms) = postSolution
		{C56B433D-8F6E-425B-96A5-9F2A1E93298C}.Debug|Any CPU.ActiveCfg = Debug|Any CPU
		{C56B433D-8F6E-425B-96A5-9F2A1E93298C}.Debug|Any CPU.Build.0 = Debug|Any CPU
		{C56B433D-8F6E-425B-96A5-9F2A1E93298C}.Release|Any CPU.ActiveCfg = Release|Any CPU
		{C56B433D-8F6E-425B-96A5-9F2A1E93298C}.Release|Any CPU.Build.0 = Release|Any CPU
	EndGlobalSection
	GlobalSection(SolutionProperties) = preSolution
		HideSolutionNode = FALSE
	EndGlobalSection
	GlobalSection(ExtensibilityGlobals) = postSolution
		SolutionGuid = {DFF4ED13-F439-4ADB-A7FC-FC5176BFDB40}
	EndGlobalSection
EndGlobal
